lockfileVersion: '6.0'

settings:
  autoInstallPeers: true
  excludeLinksFromLockfile: false

dependencies:
  '@cosmjs/amino':
    specifier: ^0.38.1
    version: 0.38.1
  '@cosmjs/crypto':
    specifier: ^0.38.1
    version: 0.38.1
  '@cosmjs/encoding':
    specifier: ^0.38.1
    version: 0.38.1
  '@cosmjs/proto-signing':
    specifier: ^0.38.1
    version: 0.38.1
  '@cosmjs/stargate':
    specifier: ^0.38.1
    version: 0.38.1
  '@cosmjs/tendermint-rpc':
    specifier: ^0.38.1
    version: 0.38.1
  bip39:
    specifier: ^3.1.0
    version: 3.1.0
  long:
    specifier: ^5.3.2
    version: 5.3.2

devDependencies:
  '@biomejs/biome':
    specifier: 2.3.10
    version: 2.3.10
  '@types/node':
    specifier: ^25.0.3
    version: 25.0.3
  tsup:
    specifier: ^8.5.1
    version: 8.5.1(tsx@4.21.0)(typescript@5.9.3)
  tsx:
    specifier: ^4.21.0
    version: 4.21.0
  typescript:
    specifier: ^5.9.3
    version: 5.9.3

packages:

  /@biomejs/biome@2.3.10:
    resolution: {integrity: sha512-/uWSUd1MHX2fjqNLHNL6zLYWBbrJeG412/8H7ESuK8ewoRoMPUgHDebqKrPTx/5n6f17Xzqc9hdg3MEqA5hXnQ==}
    engines: {node: '>=14.21.3'}
    hasBin: true
    optionalDependencies:
      '@biomejs/cli-darwin-arm64': 2.3.10
      '@biomejs/cli-darwin-x64': 2.3.10
      '@biomejs/cli-linux-arm64': 2.3.10
      '@biomejs/cli-linux-arm64-musl': 2.3.10
      '@biomejs/cli-linux-x64': 2.3.10
      '@biomejs/cli-linux-x64-musl': 2.3.10
      '@biomejs/cli-win32-arm64': 2.3.10
      '@biomejs/cli-win32-x64': 2.3.10
    dev: true

  /@biomejs/cli-darwin-arm64@2.3.10:
    resolution: {integrity: sha512-M6xUjtCVnNGFfK7HMNKa593nb7fwNm43fq1Mt71kpLpb+4mE7odO8W/oWVDyBVO4ackhresy1ZYO7OJcVo/B7w==}
    engines: {node: '>=14.21.3'}
    cpu: [arm64]
    os: [darwin]
    requiresBuild: true
    dev: true
    optional: true

  /@biomejs/cli-darwin-x64@2.3.10:
    resolution: {integrity: sha512-Vae7+V6t/Avr8tVbFNjnFSTKZogZHFYl7MMH62P/J1kZtr0tyRQ9Fe0onjqjS2Ek9lmNLmZc/VR5uSekh+p1fg==}
    engines: {node: '>=14.21.3'}
    cpu: [x64]
    os: [darwin]
    requiresBuild: true
    dev: true
    optional: true

  /@biomejs/cli-linux-arm64-musl@2.3.10:
    resolution: {integrity: sha512-B9DszIHkuKtOH2IFeeVkQmSMVUjss9KtHaNXquYYWCjH8IstNgXgx5B0aSBQNr6mn4RcKKRQZXn9Zu1rM3O0/A==}
    engines: {node: '>=14.21.3'}
    cpu: [arm64]
    os: [linux]
    requiresBuild: true
    dev: true
    optional: true

  /@biomejs/cli-linux-arm64@2.3.10:
    resolution: {integrity: sha512-hhPw2V3/EpHKsileVOFynuWiKRgFEV48cLe0eA+G2wO4SzlwEhLEB9LhlSrVeu2mtSn205W283LkX7Fh48CaxA==}
    engines: {node: '>=14.21.3'}
    cpu: [arm64]
    os: [linux]
    requiresBuild: true
    dev: true
    optional: true

  /@biomejs/cli-linux-x64-musl@2.3.10:
    resolution: {integrity: sha512-QTfHZQh62SDFdYc2nfmZFuTm5yYb4eO1zwfB+90YxUumRCR171tS1GoTX5OD0wrv4UsziMPmrePMtkTnNyYG3g==}
    engines: {node: '>=14.21.3'}
    cpu: [x64]
    os: [linux]
    requiresBuild: true
    dev: true
    optional: true

  /@biomejs/cli-linux-x64@2.3.10:
    resolution: {integrity: sha512-wwAkWD1MR95u+J4LkWP74/vGz+tRrIQvr8kfMMJY8KOQ8+HMVleREOcPYsQX82S7uueco60L58Wc6M1I9WA9Dw==}
    engines: {node: '>=14.21.3'}
    cpu: [x64]
    os: [linux]
    requiresBuild: true
    dev: true
    optional: true

  /@biomejs/cli-win32-arm64@2.3.10:
    resolution: {integrity: sha512-o7lYc9n+CfRbHvkjPhm8s9FgbKdYZu5HCcGVMItLjz93EhgJ8AM44W+QckDqLA9MKDNFrR8nPbO4b73VC5kGGQ==}
    engines: {node: '>=14.21.3'}
    cpu: [arm64]
    os: [win32]
    requiresBuild: true
    dev: true
    optional: true

  /@biomejs/cli-win32-x64@2.3.10:
    resolution: {integrity: sha512-pHEFgq7dUEsKnqG9mx9bXihxGI49X+ar+UBrEIj3Wqj3UCZp1rNgV+OoyjFgcXsjCWpuEAF4VJdkZr3TrWdCbQ==}
    engines: {node: '>=14.21.3'}
    cpu: [x64]
    os: [win32]
    requiresBuild: true
    dev: true
    optional: true

  /@cosmjs/amino@0.38.1:
    resolution: {integrity: sha512-WaThDpq2JwUyKuazq08Xa+FHzQ3jh1HcYnGL4xsyfqFwOlAvnl0EDvSSz9WSwz1oopIxFE9Qtf3OUKOlxBZbYA==}
    dependencies:
      '@cosmjs/crypto': 0.38.1
      '@cosmjs/encoding': 0.38.1
      '@cosmjs/math': 0.38.1
      '@cosmjs/utils': 0.38.1
    dev: false

  /@cosmjs/crypto@0.38.1:
    resolution: {integrity: sha512-r1KQCjKAdMga2aZ/nkgULRF4fisPZMF6ErucVsMmkASBgDl0k9/vD9K9fHUdGClMv0oOYEfwOT/UTBR7K2OuYA==}
    dependencies:
      '@cosmjs/encoding': 0.38.1
      '@cosmjs/math': 0.38.1
      '@cosmjs/utils': 0.38.1
      '@noble/ciphers': 1.3.0
      '@noble/curves': 1.9.7
      '@noble/hashes': 1.8.0
      '@scure/bip39': 1.6.0
      hash-wasm: 4.12.0
    dev: false

  /@cosmjs/encoding@0.38.1:
    resolution: {integrity: sha512-i5jGgJhiXs7boePGA48xzYxnCbf3MS5nT/R2HvnvSQyVAG2A99NyL96lBgmz6etOJSGOiwVrB8uh1Qp5bq6WKQ==}
    dependencies:
      '@scure/base': 2.0.0
      base64-js: 1.5.1
      readonly-date-esm: 2.0.0
    dev: false

  /@cosmjs/json-rpc@0.38.1:
    resolution: {integrity: sha512-h+ejJeh+Men8upheRcIETGLAGhsGzIQW03BFvCsCenQOoewpxnbxN1mjfLE7M8UtOTNUsb0uQ1yEnhaTKPTRPg==}
    dependencies:
      '@cosmjs/stream': 0.38.1
      xstream: 11.14.0
    dev: false

  /@cosmjs/math@0.38.1:
    resolution: {integrity: sha512-MBk7p6kPNULi0TusD8O3xoBskFIkRzOtpmnea3sXbTVnguX7epNPVDITXM4tlsg8kAQrEOEIA0g5zAJxzH3Ikw==}
    dev: false

  /@cosmjs/proto-signing@0.38.1:
    resolution: {integrity: sha512-J7jELTwk39wYAZUan48eTLBKzx3/max1NIQSlaerdrUkIqhk9ZzC2+p94RnlFUBkvsWZ4ORbhNLYPjwuf2oM0g==}
    dependencies:
      '@cosmjs/amino': 0.38.1
      '@cosmjs/crypto': 0.38.1
      '@cosmjs/encoding': 0.38.1
      '@cosmjs/math': 0.38.1
      '@cosmjs/utils': 0.38.1
      cosmjs-types: 0.11.0
    dev: false

  /@cosmjs/socket@0.38.1:
    resolution: {integrity: sha512-r58RplrHOoO9oDCPiFZu+oBTgeTqE6/HMW+JSAko2Dyv3AocdPhBV16SJQriumGxVRmFUdcczkK2L+6OwngoOA==}
    dependencies:
      '@cosmjs/stream': 0.38.1
      isomorphic-ws: 4.0.1(ws@7.5.10)
      ws: 7.5.10
      xstream: 11.14.0
    transitivePeerDependencies:
      - bufferutil
      - utf-8-validate
    dev: false

  /@cosmjs/stargate@0.38.1:
    resolution: {integrity: sha512-HxLMJxvjN8neJcN382ir1X+nrsmfYYzJ9RpibEOgzN50Ir3D1qW1q6pumjCZb4s834iB0FOlMA1F0LIklaRong==}
    dependencies:
      '@cosmjs/amino': 0.38.1
      '@cosmjs/encoding': 0.38.1
      '@cosmjs/math': 0.38.1
      '@cosmjs/proto-signing': 0.38.1
      '@cosmjs/stream': 0.38.1
      '@cosmjs/tendermint-rpc': 0.38.1
      '@cosmjs/utils': 0.38.1
      cosmjs-types: 0.11.0
    transitivePeerDependencies:
      - bufferutil
      - utf-8-validate
    dev: false

  /@cosmjs/stream@0.38.1:
    resolution: {integrity: sha512-YIruJ6XfPQooMZzy7fTMx1/JnAMgiGMg785Zxja+RntbxrsHyWYUdWGi9ji8uOHEgZNYErHlK2NnbF8VlCo1ew==}
    dependencies:
      xstream: 11.14.0
    dev: false

  /@cosmjs/tendermint-rpc@0.38.1:
    resolution: {integrity: sha512-yoGfI1wcw986qqCJkD544HXB4YxVOvne5s1RZkO437RtgvpLgVVdTBvCB1JcgLDw25gpHMFe1dWe5Sn9LPzQxA==}
    dependencies:
      '@cosmjs/crypto': 0.38.1
      '@cosmjs/encoding': 0.38.1
      '@cosmjs/json-rpc': 0.38.1
      '@cosmjs/math': 0.38.1
      '@cosmjs/socket': 0.38.1
      '@cosmjs/stream': 0.38.1
      '@cosmjs/utils': 0.38.1
      readonly-date-esm: 2.0.0
      xstream: 11.14.0
    transitivePeerDependencies:
      - bufferutil
      - utf-8-validate
    dev: false

  /@cosmjs/utils@0.38.1:
    resolution: {integrity: sha512-ccQ5in6IvsQ+o/SstUdQH1jCJ2+MkJPZK7A/EYwMAFcjV8vzOgJ97LVy6AT24nwdi0/iVa2nbAG+fitUEsgLcA==}
    dev: false

  /@esbuild/aix-ppc64@0.27.2:
    resolution: {integrity: sha512-GZMB+a0mOMZs4MpDbj8RJp4cw+w1WV5NYD6xzgvzUJ5Ek2jerwfO2eADyI6ExDSUED+1X8aMbegahsJi+8mgpw==}
    engines: {node: '>=18'}
    cpu: [ppc64]
    os: [aix]
    requiresBuild: true
    dev: true
    optional: true

  /@esbuild/android-arm64@0.27.2:
    resolution: {integrity: sha512-pvz8ZZ7ot/RBphf8fv60ljmaoydPU12VuXHImtAs0XhLLw+EXBi2BLe3OYSBslR4rryHvweW5gmkKFwTiFy6KA==}
    engines: {node: '>=18'}
    cpu: [arm64]
    os: [android]
    requiresBuild: true
    dev: true
    optional: true

  /@esbuild/android-arm@0.27.2:
    resolution: {integrity: sha512-DVNI8jlPa7Ujbr1yjU2PfUSRtAUZPG9I1RwW4F4xFB1Imiu2on0ADiI/c3td+KmDtVKNbi+nffGDQMfcIMkwIA==}
    engines: {node: '>=18'}
    cpu: [arm]
    os: [android]
    requiresBuild: true
    dev: true
    optional: true

  /@esbuild/android-x64@0.27.2:
    resolution: {integrity: sha512-z8Ank4Byh4TJJOh4wpz8g2vDy75zFL0TlZlkUkEwYXuPSgX8yzep596n6mT7905kA9uHZsf/o2OJZubl2l3M7A==}
    engines: {node: '>=18'}
    cpu: [x64]
    os: [android]
    requiresBuild: true
    dev: true
    optional: true

  /@esbuild/darwin-arm64@0.27.2:
    resolution: {integrity: sha512-davCD2Zc80nzDVRwXTcQP/28fiJbcOwvdolL0sOiOsbwBa72kegmVU0Wrh1MYrbuCL98Omp5dVhQFWRKR2ZAlg==}
    engines: {node: '>=18'}
    cpu: [arm64]
    os: [darwin]
    requiresBuild: true
    dev: true
    optional: true

  /@esbuild/darwin-x64@0.27.2:
    resolution: {integrity: sha512-ZxtijOmlQCBWGwbVmwOF/UCzuGIbUkqB1faQRf5akQmxRJ1ujusWsb3CVfk/9iZKr2L5SMU5wPBi1UWbvL+VQA==}
    engines: {node: '>=18'}
    cpu: [x64]
    os: [darwin]
    requiresBuild: true
    dev: true
    optional: true

  /@esbuild/freebsd-arm64@0.27.2:
    resolution: {integrity: sha512-lS/9CN+rgqQ9czogxlMcBMGd+l8Q3Nj1MFQwBZJyoEKI50XGxwuzznYdwcav6lpOGv5BqaZXqvBSiB/kJ5op+g==}
    engines: {node: '>=18'}
    cpu: [arm64]
    os: [freebsd]
    requiresBuild: true
    dev: true
    optional: true

  /@esbuild/freebsd-x64@0.27.2:
    resolution: {integrity: sha512-tAfqtNYb4YgPnJlEFu4c212HYjQWSO/w/h/lQaBK7RbwGIkBOuNKQI9tqWzx7Wtp7bTPaGC6MJvWI608P3wXYA==}
    engines: {node: '>=18'}
    cpu: [x64]
    os: [freebsd]
    requiresBuild: true
    dev: true
    optional: true

  /@esbuild/linux-arm64@0.27.2:
    resolution: {integrity: sha512-hYxN8pr66NsCCiRFkHUAsxylNOcAQaxSSkHMMjcpx0si13t1LHFphxJZUiGwojB1a/Hd5OiPIqDdXONia6bhTw==}
    engines: {node: '>=18'}
    cpu: [arm64]
    os: [linux]
    requiresBuild: true
    dev: true
    optional: true

  /@esbuild/linux-arm@0.27.2:
    resolution: {integrity: sha512-vWfq4GaIMP9AIe4yj1ZUW18RDhx6EPQKjwe7n8BbIecFtCQG4CfHGaHuh7fdfq+y3LIA2vGS/o9ZBGVxIDi9hw==}
    engines: {node: '>=18'}
    cpu: [arm]
    os: [linux]
    requiresBuild: true
    dev: true
    optional: true

  /@esbuild/linux-ia32@0.27.2:
    resolution: {integrity: sha512-MJt5BRRSScPDwG2hLelYhAAKh9imjHK5+NE/tvnRLbIqUWa+0E9N4WNMjmp/kXXPHZGqPLxggwVhz7QP8CTR8w==}
    engines: {node: '>=18'}
    cpu: [ia32]
    os: [linux]
    requiresBuild: true
    dev: true
    optional: true

  /@esbuild/linux-loong64@0.27.2:
    resolution: {integrity: sha512-lugyF1atnAT463aO6KPshVCJK5NgRnU4yb3FUumyVz+cGvZbontBgzeGFO1nF+dPueHD367a2ZXe1NtUkAjOtg==}
    engines: {node: '>=18'}
    cpu: [loong64]
    os: [linux]
    requiresBuild: true
    dev: true
    optional: true

  /@esbuild/linux-mips64el@0.27.2:
    resolution: {integrity: sha512-nlP2I6ArEBewvJ2gjrrkESEZkB5mIoaTswuqNFRv/WYd+ATtUpe9Y09RnJvgvdag7he0OWgEZWhviS1OTOKixw==}
    engines: {node: '>=18'}
    cpu: [mips64el]
    os: [linux]
    requiresBuild: true
    dev: true
    optional: true

  /@esbuild/linux-ppc64@0.27.2:
    resolution: {integrity: sha512-C92gnpey7tUQONqg1n6dKVbx3vphKtTHJaNG2Ok9lGwbZil6DrfyecMsp9CrmXGQJmZ7iiVXvvZH6Ml5hL6XdQ==}
    engines: {node: '>=18'}
    cpu: [ppc64]
    os: [linux]
    requiresBuild: true
    dev: true
    optional: true

  /@esbuild/linux-riscv64@0.27.2:
    resolution: {integrity: sha512-B5BOmojNtUyN8AXlK0QJyvjEZkWwy/FKvakkTDCziX95AowLZKR6aCDhG7LeF7uMCXEJqwa8Bejz5LTPYm8AvA==}
    engines: {node: '>=18'}
    cpu: [riscv64]
    os: [linux]
    requiresBuild: true
    dev: true
    optional: true

  /@esbuild/linux-s390x@0.27.2:
    resolution: {integrity: sha512-p4bm9+wsPwup5Z8f4EpfN63qNagQ47Ua2znaqGH6bqLlmJ4bx97Y9JdqxgGZ6Y8xVTixUnEkoKSHcpRlDnNr5w==}
    engines: {node: '>=18'}
    cpu: [s390x]
    os: [linux]
    requiresBuild: true
    dev: true
    optional: true

  /@esbuild/linux-x64@0.27.2:
    resolution: {integrity: sha512-uwp2Tip5aPmH+NRUwTcfLb+W32WXjpFejTIOWZFw/v7/KnpCDKG66u4DLcurQpiYTiYwQ9B7KOeMJvLCu/OvbA==}
    engines: {node: '>=18'}
    cpu: [x64]
    os: [linux]
    requiresBuild: true
    dev: true
    optional: true

  /@esbuild/netbsd-arm64@0.27.2:
    resolution: {integrity: sha512-Kj6DiBlwXrPsCRDeRvGAUb/LNrBASrfqAIok+xB0LxK8CHqxZ037viF13ugfsIpePH93mX7xfJp97cyDuTZ3cw==}
    engines: {node: '>=18'}
    cpu: [arm64]
    os: [netbsd]
    requiresBuild: true
    dev: true
    optional: true

  /@esbuild/netbsd-x64@0.27.2:
    resolution: {integrity: sha512-HwGDZ0VLVBY3Y+Nw0JexZy9o/nUAWq9MlV7cahpaXKW6TOzfVno3y3/M8Ga8u8Yr7GldLOov27xiCnqRZf0tCA==}
    engines: {node: '>=18'}
    cpu: [x64]
    os: [netbsd]
    requiresBuild: true
    dev: true
    optional: true

  /@esbuild/openbsd-arm64@0.27.2:
    resolution: {integrity: sha512-DNIHH2BPQ5551A7oSHD0CKbwIA/Ox7+78/AWkbS5QoRzaqlev2uFayfSxq68EkonB+IKjiuxBFoV8ESJy8bOHA==}
    engines: {node: '>=18'}
    cpu: [arm64]
    os: [openbsd]
    requiresBuild: true
    dev: true
    optional: true

  /@esbuild/openbsd-x64@0.27.2:
    resolution: {integrity: sha512-/it7w9Nb7+0KFIzjalNJVR5bOzA9Vay+yIPLVHfIQYG/j+j9VTH84aNB8ExGKPU4AzfaEvN9/V4HV+F+vo8OEg==}
    engines: {node: '>=18'}
    cpu: [x64]
    os: [openbsd]
    requiresBuild: true
    dev: true
    optional: true

  /@esbuild/openharmony-arm64@0.27.2:
    resolution: {integrity: sha512-LRBbCmiU51IXfeXk59csuX/aSaToeG7w48nMwA6049Y4J4+VbWALAuXcs+qcD04rHDuSCSRKdmY63sruDS5qag==}
    engines: {node: '>=18'}
    cpu: [arm64]
    os: [openharmony]
    requiresBuild: true
    dev: true
    optional: true

  /@esbuild/sunos-x64@0.27.2:
    resolution: {integrity: sha512-kMtx1yqJHTmqaqHPAzKCAkDaKsffmXkPHThSfRwZGyuqyIeBvf08KSsYXl+abf5HDAPMJIPnbBfXvP2ZC2TfHg==}
    engines: {node: '>=18'}
    cpu: [x64]
    os: [sunos]
    requiresBuild: true
    dev: true
    optional: true

  /@esbuild/win32-arm64@0.27.2:
    resolution: {integrity: sha512-Yaf78O/B3Kkh+nKABUF++bvJv5Ijoy9AN1ww904rOXZFLWVc5OLOfL56W+C8F9xn5JQZa3UX6m+IktJnIb1Jjg==}
    engines: {node: '>=18'}
    cpu: [arm64]
    os: [win32]
    requiresBuild: true
    dev: true
    optional: true

  /@esbuild/win32-ia32@0.27.2:
    resolution: {integrity: sha512-Iuws0kxo4yusk7sw70Xa2E2imZU5HoixzxfGCdxwBdhiDgt9vX9VUCBhqcwY7/uh//78A1hMkkROMJq9l27oLQ==}
    engines: {node: '>=18'}
    cpu: [ia32]
    os: [win32]
    requiresBuild: true
    dev: true
    optional: true

  /@esbuild/win32-x64@0.27.2:
    resolution: {integrity: sha512-sRdU18mcKf7F+YgheI/zGf5alZatMUTKj/jNS6l744f9u3WFu4v7twcUI9vu4mknF4Y9aDlblIie0IM+5xxaqQ==}
    engines: {node: '>=18'}
    cpu: [x64]
    os: [win32]
    requiresBuild: true
    dev: true
    optional: true

  /@jridgewell/gen-mapping@0.3.13:
    resolution: {integrity: sha512-2kkt/7niJ6MgEPxF0bYdQ6etZaA+fQvDcLKckhy1yIQOzaoKjBBjSj63/aLVjYE3qhRt5dvM+uUyfCg6UKCBbA==}
    dependencies:
      '@jridgewell/sourcemap-codec': 1.5.5
      '@jridgewell/trace-mapping': 0.3.31
    dev: true

  /@jridgewell/resolve-uri@3.1.2:
    resolution: {integrity: sha512-bRISgCIjP20/tbWSPWMEi54QVPRZExkuD9lJL+UIxUKtwVJA8wW1Trb1jMs1RFXo1CBTNZ/5hpC9QvmKWdopKw==}
    engines: {node: '>=6.0.0'}
    dev: true

  /@jridgewell/sourcemap-codec@1.5.5:
    resolution: {integrity: sha512-cYQ9310grqxueWbl+WuIUIaiUaDcj7WOq5fVhEljNVgRfOUhY9fy2zTvfoqWsnebh8Sl70VScFbICvJnLKB0Og==}
    dev: true

  /@jridgewell/trace-mapping@0.3.31:
    resolution: {integrity: sha512-zzNR+SdQSDJzc8joaeP8QQoCQr8NuYx2dIIytl1QeBEZHJ9uW6hebsrYgbz8hJwUQao3TWCMtmfV8Nu1twOLAw==}
    dependencies:
      '@jridgewell/resolve-uri': 3.1.2
      '@jridgewell/sourcemap-codec': 1.5.5
    dev: true

  /@noble/ciphers@1.3.0:
    resolution: {integrity: sha512-2I0gnIVPtfnMw9ee9h1dJG7tp81+8Ob3OJb3Mv37rx5L40/b0i7djjCVvGOVqc9AEIQyvyu1i6ypKdFw8R8gQw==}
    engines: {node: ^14.21.3 || >=16}
    dev: false

  /@noble/curves@1.9.7:
    resolution: {integrity: sha512-gbKGcRUYIjA3/zCCNaWDciTMFI0dCkvou3TL8Zmy5Nc7sJ47a0jtOeZoTaMxkuqRo9cRhjOdZJXegxYE5FN/xw==}
    engines: {node: ^14.21.3 || >=16}
    dependencies:
      '@noble/hashes': 1.8.0
    dev: false

  /@noble/hashes@1.8.0:
    resolution: {integrity: sha512-jCs9ldd7NwzpgXDIf6P3+NrHh9/sD6CQdxHyjQI+h/6rDNo88ypBxxz45UDuZHz9r3tNz7N/VInSVoVdtXEI4A==}
    engines: {node: ^14.21.3 || >=16}
    dev: false

  /@rollup/rollup-android-arm-eabi@4.54.0:
    resolution: {integrity: sha512-OywsdRHrFvCdvsewAInDKCNyR3laPA2mc9bRYJ6LBp5IyvF3fvXbbNR0bSzHlZVFtn6E0xw2oZlyjg4rKCVcng==}
    cpu: [arm]
    os: [android]
    requiresBuild: true
    dev: true
    optional: true

  /@rollup/rollup-android-arm64@4.54.0:
    resolution: {integrity: sha512-Skx39Uv+u7H224Af+bDgNinitlmHyQX1K/atIA32JP3JQw6hVODX5tkbi2zof/E69M1qH2UoN3Xdxgs90mmNYw==}
    cpu: [arm64]
    os: [android]
    requiresBuild: true
    dev: true
    optional: true

  /@rollup/rollup-darwin-arm64@4.54.0:
    resolution: {integrity: sha512-k43D4qta/+6Fq+nCDhhv9yP2HdeKeP56QrUUTW7E6PhZP1US6NDqpJj4MY0jBHlJivVJD5P8NxrjuobZBJTCRw==}
    cpu: [arm64]
    os: [darwin]
    requiresBuild: true
    dev: true
    optional: true

  /@rollup/rollup-darwin-x64@4.54.0:
    resolution: {integrity: sha512-cOo7biqwkpawslEfox5Vs8/qj83M/aZCSSNIWpVzfU2CYHa2G3P1UN5WF01RdTHSgCkri7XOlTdtk17BezlV3A==}
    cpu: [x64]
    os: [darwin]
    requiresBuild: true
    dev: true
    optional: true

  /@rollup/rollup-freebsd-arm64@4.54.0:
    resolution: {integrity: sha512-miSvuFkmvFbgJ1BevMa4CPCFt5MPGw094knM64W9I0giUIMMmRYcGW/JWZDriaw/k1kOBtsWh1z6nIFV1vPNtA==}
    cpu: [arm64]
    os: [freebsd]
    requiresBuild: true
    dev: true
    optional: true

  /@rollup/rollup-freebsd-x64@4.54.0:
    resolution: {integrity: sha512-KGXIs55+b/ZfZsq9aR026tmr/+7tq6VG6MsnrvF4H8VhwflTIuYh+LFUlIsRdQSgrgmtM3fVATzEAj4hBQlaqQ==}
    cpu: [x64]
    os: [freebsd]
    requiresBuild: true
    dev: true
    optional: true

  /@rollup/rollup-linux-arm-gnueabihf@4.54.0:
    resolution: {integrity: sha512-EHMUcDwhtdRGlXZsGSIuXSYwD5kOT9NVnx9sqzYiwAc91wfYOE1g1djOEDseZJKKqtHAHGwnGPQu3kytmfaXLQ==}
    cpu: [arm]
    os: [linux]
    requiresBuild: true
    dev: true
    optional: true

  /@rollup/rollup-linux-arm-musleabihf@4.54.0:
    resolution: {integrity: sha512-+pBrqEjaakN2ySv5RVrj/qLytYhPKEUwk+e3SFU5jTLHIcAtqh2rLrd/OkbNuHJpsBgxsD8ccJt5ga/SeG0JmA==}
    cpu: [arm]
    os: [linux]
    requiresBuild: true
    dev: true
    optional: true

  /@rollup/rollup-linux-arm64-gnu@4.54.0:
    resolution: {integrity: sha512-NSqc7rE9wuUaRBsBp5ckQ5CVz5aIRKCwsoa6WMF7G01sX3/qHUw/z4pv+D+ahL1EIKy6Enpcnz1RY8pf7bjwng==}
    cpu: [arm64]
    os: [linux]
    requiresBuild: true
    dev: true
    optional: true

  /@rollup/rollup-linux-arm64-musl@4.54.0:
    resolution: {integrity: sha512-gr5vDbg3Bakga5kbdpqx81m2n9IX8M6gIMlQQIXiLTNeQW6CucvuInJ91EuCJ/JYvc+rcLLsDFcfAD1K7fMofg==}
    cpu: [arm64]
    os: [linux]
    requiresBuild: true
    dev: true
    optional: true

  /@rollup/rollup-linux-loong64-gnu@4.54.0:
    resolution: {integrity: sha512-gsrtB1NA3ZYj2vq0Rzkylo9ylCtW/PhpLEivlgWe0bpgtX5+9j9EZa0wtZiCjgu6zmSeZWyI/e2YRX1URozpIw==}
    cpu: [loong64]
    os: [linux]
    requiresBuild: true
    dev: true
    optional: true

  /@rollup/rollup-linux-ppc64-gnu@4.54.0:
    resolution: {integrity: sha512-y3qNOfTBStmFNq+t4s7Tmc9hW2ENtPg8FeUD/VShI7rKxNW7O4fFeaYbMsd3tpFlIg1Q8IapFgy7Q9i2BqeBvA==}
    cpu: [ppc64]
    os: [linux]
    requiresBuild: true
    dev: true
    optional: true

  /@rollup/rollup-linux-riscv64-gnu@4.54.0:
    resolution: {integrity: sha512-89sepv7h2lIVPsFma8iwmccN7Yjjtgz0Rj/Ou6fEqg3HDhpCa+Et+YSufy27i6b0Wav69Qv4WBNl3Rs6pwhebQ==}
    cpu: [riscv64]
    os: [linux]
    requiresBuild: true
    dev: true
    optional: true

  /@rollup/rollup-linux-riscv64-musl@4.54.0:
    resolution: {integrity: sha512-ZcU77ieh0M2Q8Ur7D5X7KvK+UxbXeDHwiOt/CPSBTI1fBmeDMivW0dPkdqkT4rOgDjrDDBUed9x4EgraIKoR2A==}
    cpu: [riscv64]
    os: [linux]
    requiresBuild: true
    dev: true
    optional: true

  /@rollup/rollup-linux-s390x-gnu@4.54.0:
    resolution: {integrity: sha512-2AdWy5RdDF5+4YfG/YesGDDtbyJlC9LHmL6rZw6FurBJ5n4vFGupsOBGfwMRjBYH7qRQowT8D/U4LoSvVwOhSQ==}
    cpu: [s390x]
    os: [linux]
    requiresBuild: true
    dev: true
    optional: true

  /@rollup/rollup-linux-x64-gnu@4.54.0:
    resolution: {integrity: sha512-WGt5J8Ij/rvyqpFexxk3ffKqqbLf9AqrTBbWDk7ApGUzaIs6V+s2s84kAxklFwmMF/vBNGrVdYgbblCOFFezMQ==}
    cpu: [x64]
    os: [linux]
    requiresBuild: true
    dev: true
    optional: true

  /@rollup/rollup-linux-x64-musl@4.54.0:
    resolution: {integrity: sha512-JzQmb38ATzHjxlPHuTH6tE7ojnMKM2kYNzt44LO/jJi8BpceEC8QuXYA908n8r3CNuG/B3BV8VR3Hi1rYtmPiw==}
    cpu: [x64]
    os: [linux]
    requiresBuild: true
    dev: true
    optional: true

  /@rollup/rollup-openharmony-arm64@4.54.0:
    resolution: {integrity: sha512-huT3fd0iC7jigGh7n3q/+lfPcXxBi+om/Rs3yiFxjvSxbSB6aohDFXbWvlspaqjeOh+hx7DDHS+5Es5qRkWkZg==}
    cpu: [arm64]
    os: [openharmony]
    requiresBuild: true
    dev: true
    optional: true

  /@rollup/rollup-win32-arm64-msvc@4.54.0:
    resolution: {integrity: sha512-c2V0W1bsKIKfbLMBu/WGBz6Yci8nJ/ZJdheE0EwB73N3MvHYKiKGs3mVilX4Gs70eGeDaMqEob25Tw2Gb9Nqyw==}
    cpu: [arm64]
    os: [win32]
    requiresBuild: true
    dev: true
    optional: true

  /@rollup/rollup-win32-ia32-msvc@4.54.0:
    resolution: {integrity: sha512-woEHgqQqDCkAzrDhvDipnSirm5vxUXtSKDYTVpZG3nUdW/VVB5VdCYA2iReSj/u3yCZzXID4kuKG7OynPnB3WQ==}
    cpu: [ia32]
    os: [win32]
    requiresBuild: true
    dev: true
    optional: true

  /@rollup/rollup-win32-x64-gnu@4.54.0:
    resolution: {integrity: sha512-dzAc53LOuFvHwbCEOS0rPbXp6SIhAf2txMP5p6mGyOXXw5mWY8NGGbPMPrs4P1WItkfApDathBj/NzMLUZ9rtQ==}
    cpu: [x64]
    os: [win32]
    requiresBuild: true
    dev: true
    optional: true

  /@rollup/rollup-win32-x64-msvc@4.54.0:
    resolution: {integrity: sha512-hYT5d3YNdSh3mbCU1gwQyPgQd3T2ne0A3KG8KSBdav5TiBg6eInVmV+TeR5uHufiIgSFg0XsOWGW5/RhNcSvPg==}
    cpu: [x64]
    os: [win32]
    requiresBuild: true
    dev: true
    optional: true

  /@scure/base@1.2.6:
    resolution: {integrity: sha512-g/nm5FgUa//MCj1gV09zTJTaM6KBAHqLN907YVQqf7zC49+DcO4B1so4ZX07Ef10Twr6nuqYEH9GEggFXA4Fmg==}
    dev: false

  /@scure/base@2.0.0:
    resolution: {integrity: sha512-3E1kpuZginKkek01ovG8krQ0Z44E3DHPjc5S2rjJw9lZn3KSQOs8S7wqikF/AH7iRanHypj85uGyxk0XAyC37w==}
    dev: false

  /@scure/bip39@1.6.0:
    resolution: {integrity: sha512-+lF0BbLiJNwVlev4eKelw1WWLaiKXw7sSl8T6FvBlWkdX+94aGJ4o8XjUdlyhTCjd8c+B3KT3JfS8P0bLRNU6A==}
    dependencies:
      '@noble/hashes': 1.8.0
      '@scure/base': 1.2.6
    dev: false

  /@types/estree@1.0.8:
    resolution: {integrity: sha512-dWHzHa2WqEXI/O1E9OjrocMTKJl2mSrEolh1Iomrv6U+JuNwaHXsXx9bLu5gG7BUWFIN0skIQJQ/L1rIex4X6w==}
    dev: true

  /@types/node@25.0.3:
    resolution: {integrity: sha512-W609buLVRVmeW693xKfzHeIV6nJGGz98uCPfeXI1ELMLXVeKYZ9m15fAMSaUPBHYLGFsVRcMmSCksQOrZV9BYA==}
    dependencies:
      undici-types: 7.16.0
    dev: true

  /acorn@8.15.0:
    resolution: {integrity: sha512-NZyJarBfL7nWwIq+FDL6Zp/yHEhePMNnnJ0y3qfieCrmNvYct8uvtiV41UvlSe6apAfk0fY1FbWx+NwfmpvtTg==}
    engines: {node: '>=0.4.0'}
    hasBin: true
    dev: true

  /any-promise@1.3.0:
    resolution: {integrity: sha512-7UvmKalWRt1wgjL1RrGxoSJW/0QZFIegpeGvZG9kjp8vrRu55XTHbwnqq2GpXm9uLbcuhxm3IqX9OB4MZR1b2A==}
    dev: true

  /base64-js@1.5.1:
    resolution: {integrity: sha512-AKpaYlHn8t4SVbOHCy+b5+KKgvR4vrsD8vbvrbiQJps7fKDTkjkDry6ji0rUJjC0kzbNePLwzxq8iypo41qeWA==}
    dev: false

  /bip39@3.1.0:
    resolution: {integrity: sha512-c9kiwdk45Do5GL0vJMe7tS95VjCii65mYAH7DfWl3uW8AVzXKQVUm64i3hzVybBDMp9r7j9iNxR85+ul8MdN/A==}
    dependencies:
      '@noble/hashes': 1.8.0
    dev: false

  /bundle-require@5.1.0(esbuild@0.27.2):
    resolution: {integrity: sha512-3WrrOuZiyaaZPWiEt4G3+IffISVC9HYlWueJEBWED4ZH4aIAC2PnkdnuRrR94M+w6yGWn4AglWtJtBI8YqvgoA==}
    engines: {node: ^12.20.0 || ^14.13.1 || >=16.0.0}
    peerDependencies:
      esbuild: '>=0.18'
    dependencies:
      esbuild: 0.27.2
      load-tsconfig: 0.2.5
    dev: true

  /cac@6.7.14:
    resolution: {integrity: sha512-b6Ilus+c3RrdDk+JhLKUAQfzzgLEPy6wcXqS7f/xe1EETvsDP6GORG7SFuOs6cID5YkqchW/LXZbX5bc8j7ZcQ==}
    engines: {node: '>=8'}
    dev: true

  /chokidar@4.0.3:
    resolution: {integrity: sha512-Qgzu8kfBvo+cA4962jnP1KkS6Dop5NS6g7R5LFYJr4b8Ub94PPQXUksCw9PvXoeXPRRddRNC5C1JQUR2SMGtnA==}
    engines: {node: '>= 14.16.0'}
    dependencies:
      readdirp: 4.1.2
    dev: true

  /commander@4.1.1:
    resolution: {integrity: sha512-NOKm8xhkzAjzFx8B2v5OAHT+u5pRQc2UCa2Vq9jYL/31o2wi9mxBA7LIFs3sV5VSC49z6pEhfbMULvShKj26WA==}
    engines: {node: '>= 6'}
    dev: true

  /confbox@0.1.8:
    resolution: {integrity: sha512-RMtmw0iFkeR4YV+fUOSucriAQNb9g8zFR52MWCtl+cCZOFRNL6zeB395vPzFhEjjn4fMxXudmELnl/KF/WrK6w==}
    dev: true

  /consola@3.4.2:
    resolution: {integrity: sha512-5IKcdX0nnYavi6G7TtOhwkYzyjfJlatbjMjuLSfE2kYT5pMDOilZ4OvMhi637CcDICTmz3wARPoyhqyX1Y+XvA==}
    engines: {node: ^14.18.0 || >=16.10.0}
    dev: true

  /cosmjs-types@0.11.0:
    resolution: {integrity: sha512-kDSkgHpRTrg1413jCNehT3P21+EBxZWFMBr9JEzVfmPiNdtuwAoLAkCYo7c7i/pTakAwyHsXbxOg8kkD+AN33w==}
    engines: {node: '>=20.19'}
    dev: false

  /debug@4.4.3:
    resolution: {integrity: sha512-RGwwWnwQvkVfavKVt22FGLw+xYSdzARwm0ru6DhTVA3umU5hZc28V3kO4stgYryrTlLpuvgI9GiijltAjNbcqA==}
    engines: {node: '>=6.0'}
    peerDependencies:
      supports-color: '*'
    peerDependenciesMeta:
      supports-color:
        optional: true
    dependencies:
      ms: 2.1.3
    dev: true

  /define-data-property@1.1.4:
    resolution: {integrity: sha512-rBMvIzlpA8v6E+SJZoo++HAYqsLrkg7MSfIinMPFhmkorw7X+dOXVJQs+QT69zGkzMyfDnIMN2Wid1+NbL3T+A==}
    engines: {node: '>= 0.4'}
    dependencies:
      es-define-property: 1.0.1
      es-errors: 1.3.0
      gopd: 1.2.0
    dev: false

  /define-properties@1.2.1:
    resolution: {integrity: sha512-8QmQKqEASLd5nx0U1B1okLElbUuuttJ/AnYmRXbbbGDWh6uS208EjD4Xqq/I9wK7u0v6O08XhTWnt5XtEbR6Dg==}
    engines: {node: '>= 0.4'}
    dependencies:
      define-data-property: 1.1.4
      has-property-descriptors: 1.0.2
      object-keys: 1.1.1
    dev: false

  /es-define-property@1.0.1:
    resolution: {integrity: sha512-e3nRfgfUZ4rNGL232gUgX06QNyyez04KdjFrF+LTRoOXmrOgFKDg4BCdsjW8EnT69eqdYGmRpJwiPVYNrCaW3g==}
    engines: {node: '>= 0.4'}
    dev: false

  /es-errors@1.3.0:
    resolution: {integrity: sha512-Zf5H2Kxt2xjTvbJvP2ZWLEICxA6j+hAmMzIlypy4xcBg1vKVnx89Wy0GbS+kf5cwCVFFzdCFh2XSCFNULS6csw==}
    engines: {node: '>= 0.4'}
    dev: false

  /esbuild@0.27.2:
    resolution: {integrity: sha512-HyNQImnsOC7X9PMNaCIeAm4ISCQXs5a5YasTXVliKv4uuBo1dKrG0A+uQS8M5eXjVMnLg3WgXaKvprHlFJQffw==}
    engines: {node: '>=18'}
    hasBin: true
    requiresBuild: true
    optionalDependencies:
      '@esbuild/aix-ppc64': 0.27.2
      '@esbuild/android-arm': 0.27.2
      '@esbuild/android-arm64': 0.27.2
      '@esbuild/android-x64': 0.27.2
      '@esbuild/darwin-arm64': 0.27.2
      '@esbuild/darwin-x64': 0.27.2
      '@esbuild/freebsd-arm64': 0.27.2
      '@esbuild/freebsd-x64': 0.27.2
      '@esbuild/linux-arm': 0.27.2
      '@esbuild/linux-arm64': 0.27.2
      '@esbuild/linux-ia32': 0.27.2
      '@esbuild/linux-loong64': 0.27.2
      '@esbuild/linux-mips64el': 0.27.2
      '@esbuild/linux-ppc64': 0.27.2
      '@esbuild/linux-riscv64': 0.27.2
      '@esbuild/linux-s390x': 0.27.2
      '@esbuild/linux-x64': 0.27.2
      '@esbuild/netbsd-arm64': 0.27.2
      '@esbuild/netbsd-x64': 0.27.2
      '@esbuild/openbsd-arm64': 0.27.2
      '@esbuild/openbsd-x64': 0.27.2
      '@esbuild/openharmony-arm64': 0.27.2
      '@esbuild/sunos-x64': 0.27.2
      '@esbuild/win32-arm64': 0.27.2
      '@esbuild/win32-ia32': 0.27.2
      '@esbuild/win32-x64': 0.27.2
    dev: true

  /fdir@6.5.0(picomatch@4.0.3):
    resolution: {integrity: sha512-tIbYtZbucOs0BRGqPJkshJUYdL+SDH7dVM8gjy+ERp3WAUjLEFJE+02kanyHtwjWOnwrKYBiwAmM0p4kLJAnXg==}
    engines: {node: '>=12.0.0'}
    peerDependencies:
      picomatch: ^3 || ^4
    peerDependenciesMeta:
      picomatch:
        optional: true
    dependencies:
      picomatch: 4.0.3
    dev: true

  /fix-dts-default-cjs-exports@1.0.1:
    resolution: {integrity: sha512-pVIECanWFC61Hzl2+oOCtoJ3F17kglZC/6N94eRWycFgBH35hHx0Li604ZIzhseh97mf2p0cv7vVrOZGoqhlEg==}
    dependencies:
      magic-string: 0.30.21
      mlly: 1.8.0
      rollup: 4.54.0
    dev: true

  /fsevents@2.3.3:
    resolution: {integrity: sha512-5xoDfX+fL7faATnagmWPpbFtwh/R77WmMMqqHGS65C3vvB0YHrgF+B1YmZ3441tMj5n63k0212XNoJwzlhffQw==}
    engines: {node: ^8.16.0 || ^10.6.0 || >=11.0.0}
    os: [darwin]
    requiresBuild: true
    dev: true
    optional: true

  /get-tsconfig@4.13.0:
    resolution: {integrity: sha512-1VKTZJCwBrvbd+Wn3AOgQP/2Av+TfTCOlE4AcRJE72W1ksZXbAx8PPBR9RzgTeSPzlPMHrbANMH3LbltH73wxQ==}
    dependencies:
      resolve-pkg-maps: 1.0.0
    dev: true

  /globalthis@1.0.4:
    resolution: {integrity: sha512-DpLKbNU4WylpxJykQujfCcwYWiV/Jhm50Goo0wrVILAv5jOr9d+H+UR3PhSCD2rCCEIg0uc+G+muBTwD54JhDQ==}
    engines: {node: '>= 0.4'}
    dependencies:
      define-properties: 1.2.1
      gopd: 1.2.0
    dev: false

  /gopd@1.2.0:
    resolution: {integrity: sha512-ZUKRh6/kUFoAiTAtTYPZJ3hw9wNxx+BIBOijnlG9PnrJsCcSjs1wyyD6vJpaYtgnzDrKYRSqf3OO6Rfa93xsRg==}
    engines: {node: '>= 0.4'}
    dev: false

  /has-property-descriptors@1.0.2:
    resolution: {integrity: sha512-55JNKuIW+vq4Ke1BjOTjM2YctQIvCT7GFzHwmfZPGo5wnrgkid0YQtnAleFSqumZm4az3n2BS+erby5ipJdgrg==}
    dependencies:
      es-define-property: 1.0.1
    dev: false

  /hash-wasm@4.12.0:
    resolution: {integrity: sha512-+/2B2rYLb48I/evdOIhP+K/DD2ca2fgBjp6O+GBEnCDk2e4rpeXIK8GvIyRPjTezgmWn9gmKwkQjjx6BtqDHVQ==}
    dev: false

  /isomorphic-ws@4.0.1(ws@7.5.10):
    resolution: {integrity: sha512-BhBvN2MBpWTaSHdWRb/bwdZJ1WaehQ2L1KngkCkfLUGF0mAWAT1sQUQacEmQ0jXkFw/czDXPNQSL5u2/Krsz1w==}
    peerDependencies:
      ws: '*'
    dependencies:
      ws: 7.5.10
    dev: false

  /joycon@3.1.1:
    resolution: {integrity: sha512-34wB/Y7MW7bzjKRjUKTa46I2Z7eV62Rkhva+KkopW7Qvv/OSWBqvkSY7vusOPrNuZcUG3tApvdVgNB8POj3SPw==}
    engines: {node: '>=10'}
    dev: true

  /lilconfig@3.1.3:
    resolution: {integrity: sha512-/vlFKAoH5Cgt3Ie+JLhRbwOsCQePABiU3tJ1egGvyQ+33R/vcwM2Zl2QR/LzjsBeItPt3oSVXapn+m4nQDvpzw==}
    engines: {node: '>=14'}
    dev: true

  /lines-and-columns@1.2.4:
    resolution: {integrity: sha512-7ylylesZQ/PV29jhEDl3Ufjo6ZX7gCqJr5F7PKrqc93v7fzSymt1BpwEU8nAUXs8qzzvqhbjhK5QZg6Mt/HkBg==}
    dev: true

  /load-tsconfig@0.2.5:
    resolution: {integrity: sha512-IXO6OCs9yg8tMKzfPZ1YmheJbZCiEsnBdcB03l0OcfK9prKnJb96siuHCr5Fl37/yo9DnKU+TLpxzTUspw9shg==}
    engines: {node: ^12.20.0 || ^14.13.1 || >=16.0.0}
    dev: true

  /long@5.3.2:
    resolution: {integrity: sha512-mNAgZ1GmyNhD7AuqnTG3/VQ26o760+ZYBPKjPvugO8+nLbYfX6TVpJPseBvopbdY+qpZ/lKUnmEc1LeZYS3QAA==}
    dev: false

  /magic-string@0.30.21:
    resolution: {integrity: sha512-vd2F4YUyEXKGcLHoq+TEyCjxueSeHnFxyyjNp80yg0XV4vUhnDer/lvvlqM/arB5bXQN5K2/3oinyCRyx8T2CQ==}
    dependencies:
      '@jridgewell/sourcemap-codec': 1.5.5
    dev: true

  /mlly@1.8.0:
    resolution: {integrity: sha512-l8D9ODSRWLe2KHJSifWGwBqpTZXIXTeo8mlKjY+E2HAakaTeNpqAyBZ8GSqLzHgw4XmHmC8whvpjJNMbFZN7/g==}
    dependencies:
      acorn: 8.15.0
      pathe: 2.0.3
      pkg-types: 1.3.1
      ufo: 1.6.1
    dev: true

  /ms@2.1.3:
    resolution: {integrity: sha512-6FlzubTLZG3J2a/NVCAleEhjzq5oxgHyaCU9yYXvcLsvoVaHJq/s5xXI6/XXP6tz7R9xAOtHnSO/tXtF3WRTlA==}
    dev: true

  /mz@2.7.0:
    resolution: {integrity: sha512-z81GNO7nnYMEhrGh9LeymoE4+Yr0Wn5McHIZMK5cfQCl+NDX08sCZgUc9/6MHni9IWuFLm1Z3HTCXu2z9fN62Q==}
    dependencies:
      any-promise: 1.3.0
      object-assign: 4.1.1
      thenify-all: 1.6.0
    dev: true

  /object-assign@4.1.1:
    resolution: {integrity: sha512-rJgTQnkUnH1sFw8yT6VSU3zD3sWmu6sZhIseY8VX+GRu3P6F7Fu+JNDoXfklElbLJSnc3FUQHVe4cU5hj+BcUg==}
    engines: {node: '>=0.10.0'}
    dev: true

  /object-keys@1.1.1:
    resolution: {integrity: sha512-NuAESUOUMrlIXOfHKzD6bpPu3tYt3xvjNdRIQ+FeT0lNb4K8WR70CaDxhuNguS2XG+GjkyMwOzsN5ZktImfhLA==}
    engines: {node: '>= 0.4'}
    dev: false

  /pathe@2.0.3:
    resolution: {integrity: sha512-WUjGcAqP1gQacoQe+OBJsFA7Ld4DyXuUIjZ5cc75cLHvJ7dtNsTugphxIADwspS+AraAUePCKrSVtPLFj/F88w==}
    dev: true

  /picocolors@1.1.1:
    resolution: {integrity: sha512-xceH2snhtb5M9liqDsmEw56le376mTZkEX/jEb/RxNFyegNul7eNslCXP9FDj/Lcu0X8KEyMceP2ntpaHrDEVA==}
    dev: true

  /picomatch@4.0.3:
    resolution: {integrity: sha512-5gTmgEY/sqK6gFXLIsQNH19lWb4ebPDLA4SdLP7dsWkIXHWlG66oPuVvXSGFPppYZz8ZDZq0dYYrbHfBCVUb1Q==}
    engines: {node: '>=12'}
    dev: true

  /pirates@4.0.7:
    resolution: {integrity: sha512-TfySrs/5nm8fQJDcBDuUng3VOUKsd7S+zqvbOTiGXHfxX4wK31ard+hoNuvkicM/2YFzlpDgABOevKSsB4G/FA==}
    engines: {node: '>= 6'}
    dev: true

  /pkg-types@1.3.1:
    resolution: {integrity: sha512-/Jm5M4RvtBFVkKWRu2BLUTNP8/M2a+UwuAX+ae4770q1qVGtfjG+WTCupoZixokjmHiry8uI+dlY8KXYV5HVVQ==}
    dependencies:
      confbox: 0.1.8
      mlly: 1.8.0
      pathe: 2.0.3
    dev: true

  /postcss-load-config@6.0.1(tsx@4.21.0):
    resolution: {integrity: sha512-oPtTM4oerL+UXmx+93ytZVN82RrlY/wPUV8IeDxFrzIjXOLF1pN+EmKPLbubvKHT2HC20xXsCAH2Z+CKV6Oz/g==}
    engines: {node: '>= 18'}
    peerDependencies:
      jiti: '>=1.21.0'
      postcss: '>=8.0.9'
      tsx: ^4.8.1
      yaml: ^2.4.2
    peerDependenciesMeta:
      jiti:
        optional: true
      postcss:
        optional: true
      tsx:
        optional: true
      yaml:
        optional: true
    dependencies:
      lilconfig: 3.1.3
      tsx: 4.21.0
    dev: true

  /readdirp@4.1.2:
    resolution: {integrity: sha512-GDhwkLfywWL2s6vEjyhri+eXmfH6j1L7JE27WhqLeYzoh/A3DBaYGEj2H/HFZCn/kMfim73FXxEJTw06WtxQwg==}
    engines: {node: '>= 14.18.0'}
    dev: true

  /readonly-date-esm@2.0.0:
    resolution: {integrity: sha512-adlyzz144ofU22kjnnRIN0HPPqIbc5IZvMmMuVtEgMY4mKgNyKqOVb4Fa2GUzE2By4TEPOYoGqDoKRyqmeEuPQ==}
    dev: false

  /resolve-from@5.0.0:
    resolution: {integrity: sha512-qYg9KP24dD5qka9J47d0aVky0N+b4fTU89LN9iDnjB5waksiC49rvMB0PrUJQGoTmH50XPiqOvAjDfaijGxYZw==}
    engines: {node: '>=8'}
    dev: true

  /resolve-pkg-maps@1.0.0:
    resolution: {integrity: sha512-seS2Tj26TBVOC2NIc2rOe2y2ZO7efxITtLZcGSOnHHNOQ7CkiUBfw0Iw2ck6xkIhPwLhKNLS8BO+hEpngQlqzw==}
    dev: true

  /rollup@4.54.0:
    resolution: {integrity: sha512-3nk8Y3a9Ea8szgKhinMlGMhGMw89mqule3KWczxhIzqudyHdCIOHw8WJlj/r329fACjKLEh13ZSk7oE22kyeIw==}
    engines: {node: '>=18.0.0', npm: '>=8.0.0'}
    hasBin: true
    dependencies:
      '@types/estree': 1.0.8
    optionalDependencies:
      '@rollup/rollup-android-arm-eabi': 4.54.0
      '@rollup/rollup-android-arm64': 4.54.0
      '@rollup/rollup-darwin-arm64': 4.54.0
      '@rollup/rollup-darwin-x64': 4.54.0
      '@rollup/rollup-freebsd-arm64': 4.54.0
      '@rollup/rollup-freebsd-x64': 4.54.0
      '@rollup/rollup-linux-arm-gnueabihf': 4.54.0
      '@rollup/rollup-linux-arm-musleabihf': 4.54.0
      '@rollup/rollup-linux-arm64-gnu': 4.54.0
      '@rollup/rollup-linux-arm64-musl': 4.54.0
      '@rollup/rollup-linux-loong64-gnu': 4.54.0
      '@rollup/rollup-linux-ppc64-gnu': 4.54.0
      '@rollup/rollup-linux-riscv64-gnu': 4.54.0
      '@rollup/rollup-linux-riscv64-musl': 4.54.0
      '@rollup/rollup-linux-s390x-gnu': 4.54.0
      '@rollup/rollup-linux-x64-gnu': 4.54.0
      '@rollup/rollup-linux-x64-musl': 4.54.0
      '@rollup/rollup-openharmony-arm64': 4.54.0
      '@rollup/rollup-win32-arm64-msvc': 4.54.0
      '@rollup/rollup-win32-ia32-msvc': 4.54.0
      '@rollup/rollup-win32-x64-gnu': 4.54.0
      '@rollup/rollup-win32-x64-msvc': 4.54.0
      fsevents: 2.3.3
    dev: true

  /source-map@0.7.6:
    resolution: {integrity: sha512-i5uvt8C3ikiWeNZSVZNWcfZPItFQOsYTUAOkcUPGd8DqDy1uOUikjt5dG+uRlwyvR108Fb9DOd4GvXfT0N2/uQ==}
    engines: {node: '>= 12'}
    dev: true

  /sucrase@3.35.1:
    resolution: {integrity: sha512-DhuTmvZWux4H1UOnWMB3sk0sbaCVOoQZjv8u1rDoTV0HTdGem9hkAZtl4JZy8P2z4Bg0nT+YMeOFyVr4zcG5Tw==}
    engines: {node: '>=16 || 14 >=14.17'}
    hasBin: true
    dependencies:
      '@jridgewell/gen-mapping': 0.3.13
      commander: 4.1.1
      lines-and-columns: 1.2.4
      mz: 2.7.0
      pirates: 4.0.7
      tinyglobby: 0.2.15
      ts-interface-checker: 0.1.13
    dev: true

  /symbol-observable@2.0.3:
    resolution: {integrity: sha512-sQV7phh2WCYAn81oAkakC5qjq2Ml0g8ozqz03wOGnx9dDlG1de6yrF+0RAzSJD8fPUow3PTSMf2SAbOGxb93BA==}
    engines: {node: '>=0.10'}
    dev: false

  /thenify-all@1.6.0:
    resolution: {integrity: sha512-RNxQH/qI8/t3thXJDwcstUO4zeqo64+Uy/+sNVRBx4Xn2OX+OZ9oP+iJnNFqplFra2ZUVeKCSa2oVWi3T4uVmA==}
    engines: {node: '>=0.8'}
    dependencies:
      thenify: 3.3.1
    dev: true

  /thenify@3.3.1:
    resolution: {integrity: sha512-RVZSIV5IG10Hk3enotrhvz0T9em6cyHBLkH/YAZuKqd8hRkKhSfCGIcP2KUY0EPxndzANBmNllzWPwak+bheSw==}
    dependencies:
      any-promise: 1.3.0
    dev: true

  /tinyexec@0.3.2:
    resolution: {integrity: sha512-KQQR9yN7R5+OSwaK0XQoj22pwHoTlgYqmUscPYoknOoWCWfj/5/ABTMRi69FrKU5ffPVh5QcFikpWJI/P1ocHA==}
    dev: true

  /tinyglobby@0.2.15:
    resolution: {integrity: sha512-j2Zq4NyQYG5XMST4cbs02Ak8iJUdxRM0XI5QyxXuZOzKOINmWurp3smXu3y5wDcJrptwpSjgXHzIQxR0omXljQ==}
    engines: {node: '>=12.0.0'}
    dependencies:
      fdir: 6.5.0(picomatch@4.0.3)
      picomatch: 4.0.3
    dev: true

  /tree-kill@1.2.2:
    resolution: {integrity: sha512-L0Orpi8qGpRG//Nd+H90vFB+3iHnue1zSSGmNOOCh1GLJ7rUKVwV2HvijphGQS2UmhUZewS9VgvxYIdgr+fG1A==}
    hasBin: true
    dev: true

  /ts-interface-checker@0.1.13:
    resolution: {integrity: sha512-Y/arvbn+rrz3JCKl9C4kVNfTfSm2/mEp5FSz5EsZSANGPSlQrpRI5M4PKF+mJnE52jOO90PnPSc3Ur3bTQw0gA==}
    dev: true

  /tsup@8.5.1(tsx@4.21.0)(typescript@5.9.3):
    resolution: {integrity: sha512-xtgkqwdhpKWr3tKPmCkvYmS9xnQK3m3XgxZHwSUjvfTjp7YfXe5tT3GgWi0F2N+ZSMsOeWeZFh7ZZFg5iPhing==}
    engines: {node: '>=18'}
    hasBin: true
    peerDependencies:
      '@microsoft/api-extractor': ^7.36.0
      '@swc/core': ^1
      postcss: ^8.4.12
      typescript: '>=4.5.0'
    peerDependenciesMeta:
      '@microsoft/api-extractor':
        optional: true
      '@swc/core':
        optional: true
      postcss:
        optional: true
      typescript:
        optional: true
    dependencies:
      bundle-require: 5.1.0(esbuild@0.27.2)
      cac: 6.7.14
      chokidar: 4.0.3
      consola: 3.4.2
      debug: 4.4.3
      esbuild: 0.27.2
      fix-dts-default-cjs-exports: 1.0.1
      joycon: 3.1.1
      picocolors: 1.1.1
      postcss-load-config: 6.0.1(tsx@4.21.0)
      resolve-from: 5.0.0
      rollup: 4.54.0
      source-map: 0.7.6
      sucrase: 3.35.1
      tinyexec: 0.3.2
      tinyglobby: 0.2.15
      tree-kill: 1.2.2
      typescript: 5.9.3
    transitivePeerDependencies:
      - jiti
      - supports-color
      - tsx
      - yaml
    dev: true

  /tsx@4.21.0:
    resolution: {integrity: sha512-5C1sg4USs1lfG0GFb2RLXsdpXqBSEhAaA/0kPL01wxzpMqLILNxIxIOKiILz+cdg/pLnOUxFYOR5yhHU666wbw==}
    engines: {node: '>=18.0.0'}
    hasBin: true
    dependencies:
      esbuild: 0.27.2
      get-tsconfig: 4.13.0
    optionalDependencies:
      fsevents: 2.3.3
    dev: true

  /typescript@5.9.3:
    resolution: {integrity: sha512-jl1vZzPDinLr9eUt3J/t7V6FgNEw9QjvBPdysz9KfQDD41fQrC2Y4vKQdiaUpFT4bXlb1RHhLpp8wtm6M5TgSw==}
    engines: {node: '>=14.17'}
    hasBin: true
    dev: true

  /ufo@1.6.1:
    resolution: {integrity: sha512-9a4/uxlTWJ4+a5i0ooc1rU7C7YOw3wT+UGqdeNNHWnOF9qcMBgLRS+4IYUqbczewFx4mLEig6gawh7X6mFlEkA==}
    dev: true

  /undici-types@7.16.0:
    resolution: {integrity: sha512-Zz+aZWSj8LE6zoxD+xrjh4VfkIG8Ya6LvYkZqtUQGJPZjYl53ypCaUwWqo7eI0x66KBGeRo+mlBEkMSeSZ38Nw==}
    dev: true

  /ws@7.5.10:
    resolution: {integrity: sha512-+dbF1tHwZpXcbOJdVOkzLDxZP1ailvSxM6ZweXTegylPny803bFhA+vqBYw4s31NSAk4S2Qz+AKXK9a4wkdjcQ==}
    engines: {node: '>=8.3.0'}
    peerDependencies:
      bufferutil: ^4.0.1
      utf-8-validate: ^5.0.2
    peerDependenciesMeta:
      bufferutil:
        optional: true
      utf-8-validate:
        optional: true
    dev: false

  /xstream@11.14.0:
    resolution: {integrity: sha512-1bLb+kKKtKPbgTK6i/BaoAn03g47PpFstlbe1BA+y3pNS/LfvcaghS5BFf9+EE1J+KwSQsEpfJvFN5GqFtiNmw==}
    dependencies:
      globalthis: 1.0.4
      symbol-observable: 2.0.3
    dev: false
